
Microsoft Visual Studio Solution File, Format Version 12.00
# Visual Studio Version 16
VisualStudioVersion = 16.0.29905.134
MinimumVisualStudioVersion = 10.0.40219.1
Project("{FAE04EC0-301F-11D3-BF4B-00C04F79EFBC}") = "EvidentaStudenti2", "EvidentaStudenti2\EvidentaStudenti2.csproj", "{34313AE5-2EF8-4248-B30D-B5E19A16E31D}"
EndProject
Global
	GlobalSection(SolutionConfigurationPlatforms) = preSolution
		Debug|Any CPU = Debug|Any CPU
		Release|Any CPU = Release|Any CPU
	EndGlobalSection
	GlobalSection(ProjectConfigurationPlatforms) = postSolution
		{34313AE5-2EF8-4248-B30D-B5E19A16E31D}.Debug|Any CPU.ActiveCfg = Debug|Any CPU
		{34313AE5-2EF8-4248-B30D-B5E19A16E31D}.Debug|Any CPU.Build.0 = Debug|Any CPU
		{34313AE5-2EF8-4248-B30D-B5E19A16E31D}.Release|Any CPU.ActiveCfg = Release|Any CPU
		{34313AE5-2EF8-4248-B30D-B5E19A16E31D}.Release|Any CPU.Build.0 = Release|Any CPU
	EndGlobalSection
	GlobalSection(SolutionProperties) = preSolution
		HideSolutionNode = FALSE
	EndGlobalSection
	GlobalSection(ExtensibilityGlobals) = postSolution
		SolutionGuid = {8A450C35-D799-4C24-9E72-B4D27A839C35}
	EndGlobalSection
EndGlobal
